
Microsoft Visual Studio Solution File, Format Version 12.00
# Visual Studio Version 16
VisualStudioVersion = 16.0.29905.134
MinimumVisualStudioVersion = 10.0.40219.1
Project("{FAE04EC0-301F-11D3-BF4B-00C04F79EFBC}") = "CustomList", "CustomListClass\CustomList.csproj", "{FCCD508E-6605-4512-8E63-3F56854782E1}"
EndProject
Project("{FAE04EC0-301F-11D3-BF4B-00C04F79EFBC}") = "CustomListTesting", "AddMethodTests\CustomListTesting.csproj", "{CC05D149-1AC5-41F0-94BA-A796AD22915F}"
EndProject
Project("{FAE04EC0-301F-11D3-BF4B-00C04F79EFBC}") = "RemoveMethodTesting", "RemoveMethodTesting\RemoveMethodTesting.csproj", "{71F2F4C6-DC47-492E-A57D-24CB8A7845EB}"
EndProject
Global
	GlobalSection(SolutionConfigurationPlatforms) = preSolution
		Debug|Any CPU = Debug|Any CPU
		Release|Any CPU = Release|Any CPU
	EndGlobalSection
	GlobalSection(ProjectConfigurationPlatforms) = postSolution
		{FCCD508E-6605-4512-8E63-3F56854782E1}.Debug|Any CPU.ActiveCfg = Debug|Any CPU
		{FCCD508E-6605-4512-8E63-3F56854782E1}.Debug|Any CPU.Build.0 = Debug|Any CPU
		{FCCD508E-6605-4512-8E63-3F56854782E1}.Release|Any CPU.ActiveCfg = Release|Any CPU
		{FCCD508E-6605-4512-8E63-3F56854782E1}.Release|Any CPU.Build.0 = Release|Any CPU
		{CC05D149-1AC5-41F0-94BA-A796AD22915F}.Debug|Any CPU.ActiveCfg = Debug|Any CPU
		{CC05D149-1AC5-41F0-94BA-A796AD22915F}.Debug|Any CPU.Build.0 = Debug|Any CPU
		{CC05D149-1AC5-41F0-94BA-A796AD22915F}.Release|Any CPU.ActiveCfg = Release|Any CPU
		{CC05D149-1AC5-41F0-94BA-A796AD22915F}.Release|Any CPU.Build.0 = Release|Any CPU
		{71F2F4C6-DC47-492E-A57D-24CB8A7845EB}.Debug|Any CPU.ActiveCfg = Debug|Any CPU
		{71F2F4C6-DC47-492E-A57D-24CB8A7845EB}.Debug|Any CPU.Build.0 = Debug|Any CPU
		{71F2F4C6-DC47-492E-A57D-24CB8A7845EB}.Release|Any CPU.ActiveCfg = Release|Any CPU
		{71F2F4C6-DC47-492E-A57D-24CB8A7845EB}.Release|Any CPU.Build.0 = Release|Any CPU
	EndGlobalSection
	GlobalSection(SolutionProperties) = preSolution
		HideSolutionNode = FALSE
	EndGlobalSection
	GlobalSection(ExtensibilityGlobals) = postSolution
		SolutionGuid = {7D247CD7-37BB-4762-9C18-45A8DA498333}
	EndGlobalSection
EndGlobal
